{
    "version": 3,
    "terraform_version": "0.7.9",
    "serial": 2,
    "lineage": "10bd261e-2c4e-4ed8-8034-043f81b8b6d0",
    "modules": [
        {
            "path": [
                "root"
            ],
            "outputs": {},
            "resources": {
                "aws_instance.s_instance": {
                    "type": "aws_instance",
                    "depends_on": [],
                    "primary": {
                        "id": "i-01e799c9690c5cdea",
                        "attributes": {
                            "ami": "ami-b63769a1",
                            "associate_public_ip_address": "false",
                            "availability_zone": "us-east-1a",
                            "disable_api_termination": "false",
                            "ebs_block_device.#": "0",
                            "ebs_optimized": "false",
                            "ephemeral_block_device.#": "0",
                            "iam_instance_profile": "",
                            "id": "i-01e799c9690c5cdea",
                            "instance_state": "running",
                            "instance_type": "t2.micro",
                            "key_name": "ll_aws_secure",
                            "monitoring": "false",
                            "network_interface_id": "eni-de91912a",
                            "private_dns": "ip-10-228-88-43.ec2.internal",
                            "private_ip": "10.228.88.43",
                            "public_dns": "",
                            "public_ip": "",
                            "root_block_device.#": "1",
                            "root_block_device.0.delete_on_termination": "true",
                            "root_block_device.0.iops": "100",
                            "root_block_device.0.volume_size": "10",
                            "root_block_device.0.volume_type": "gp2",
                            "security_groups.#": "0",
                            "source_dest_check": "true",
                            "subnet_id": "subnet-5d49e676",
                            "tags.%": "1",
                            "tags.Name": "hello-instance",
                            "tenancy": "default",
                            "vpc_security_group_ids.#": "1",
                            "vpc_security_group_ids.3577780140": "sg-0b89176f"
                        },
                        "meta": {
                            "schema_version": "1"
                        },
                        "tainted": false
                    },
                    "deposed": [],
                    "provider": ""
                }
            },
            "depends_on": []
        }
    ]
}
